
Microsoft Visual Studio Solution File, Format Version 12.00
# Visual Studio Version 17
VisualStudioVersion = 17.0.31903.59
MinimumVisualStudioVersion = 10.0.40219.1
Project("{2150E333-8FDC-42A3-9474-1A3956D46DE8}") = "..root", "..root", "{D2E8B96A-180C-6107-2411-9FC471AE5580}"
	ProjectSection(SolutionItems) = preProject
		.editorconfig = .editorconfig
		.gitignore = .gitignore
		Directory.Build.props = Directory.Build.props
		Directory.Build.targets = Directory.Build.targets
		Directory.Packages.props = Directory.Packages.props
		LICENSE = LICENSE
	EndProjectSection
EndProject
Project("{2150E333-8FDC-42A3-9474-1A3956D46DE8}") = ".github", ".github", "{9C6578E7-E4FE-79BB-1635-F363CC1E80DD}"
	ProjectSection(SolutionItems) = preProject
		.github\dependabot.yml = .github\dependabot.yml
	EndProjectSection
EndProject
Project("{2150E333-8FDC-42A3-9474-1A3956D46DE8}") = "cli", "cli", "{342A349A-D343-8551-4064-2E2800C39E13}"
	ProjectSection(SolutionItems) = preProject
		cli\Directory.Build.props = cli\Directory.Build.props
		cli\Directory.Packages.props = cli\Directory.Packages.props
		cli\nuget.config = cli\nuget.config
	EndProjectSection
EndProject
Project("{FAE04EC0-301F-11D3-BF4B-00C04F79EFBC}") = "FredrikHr.PowerPlatformSdkExtensions.SolutionCli", "cli\FredrikHr.PowerPlatformSdkExtensions.SolutionCli\FredrikHr.PowerPlatformSdkExtensions.SolutionCli.csproj", "{BC069138-A1C7-491A-866E-CF2CCD9CD2AF}"
EndProject
Global
	GlobalSection(SolutionConfigurationPlatforms) = preSolution
		Debug|Any CPU = Debug|Any CPU
		Release|Any CPU = Release|Any CPU
	EndGlobalSection
	GlobalSection(ProjectConfigurationPlatforms) = postSolution
		{BC069138-A1C7-491A-866E-CF2CCD9CD2AF}.Debug|Any CPU.ActiveCfg = Debug|Any CPU
		{BC069138-A1C7-491A-866E-CF2CCD9CD2AF}.Debug|Any CPU.Build.0 = Debug|Any CPU
		{BC069138-A1C7-491A-866E-CF2CCD9CD2AF}.Release|Any CPU.ActiveCfg = Release|Any CPU
		{BC069138-A1C7-491A-866E-CF2CCD9CD2AF}.Release|Any CPU.Build.0 = Release|Any CPU
	EndGlobalSection
	GlobalSection(SolutionProperties) = preSolution
		HideSolutionNode = FALSE
	EndGlobalSection
	GlobalSection(NestedProjects) = preSolution
		{BC069138-A1C7-491A-866E-CF2CCD9CD2AF} = {342A349A-D343-8551-4064-2E2800C39E13}
	EndGlobalSection
EndGlobal
