<?xml version="1.0" encoding="UTF-8"?>
<Solution>
  <Folder Name="/..root/">
    <File Path=".editorconfig" />
    <File Path=".gitignore" />
    <File Path=".gitmodules" />
    <File Path="Directory.Build.props" />
    <File Path="Directory.Build.targets" />
    <File Path="Directory.Packages.props" />
    <File Path="global.json" />
    <File Path="LICENSE" />
  </Folder>
  <Folder Name="/.github/">
    <File Path=".github/dependabot.yml" />
  </Folder>
  <Folder Name="/.submodules/fredrikhr/nuget-msbuild-extensions/">
    <Project Path=".submodules/fredrikhr/nuget-msbuild-extensions/build/FredrikHr.NupkgMSBuild.GitHubPackageProjectUrlInference/FredrikHr.NupkgMSBuild.GitHubPackageProjectUrlInference.csproj" />
    <Project Path=".submodules/fredrikhr/nuget-msbuild-extensions/build/FredrikHr.NupkgMSBuild.PackageAuthorSigning/FredrikHr.NupkgMSBuild.PackageAuthorSigning.csproj" />
    <Project Path=".submodules/fredrikhr/nuget-msbuild-extensions/build/FredrikHr.NupkgMSBuild.PackPackageReference/FredrikHr.NupkgMSBuild.PackPackageReference.csproj" />
    <Project Path=".submodules/fredrikhr/nuget-msbuild-extensions/build/FredrikHr.NupkgMSBuild.ProjectReferenceAsPackageReference/FredrikHr.NupkgMSBuild.ProjectReferenceAsPackageReference.csproj" />
  </Folder>
</Solution>
