<?xml version="1.0" encoding="UTF-8"?>
<Solution>
  <Folder Name="/..root/">
    <File Path=".editorconfig" />
    <File Path=".gitignore" />
    <File Path="Directory.Build.props" />
    <File Path="Directory.Build.targets" />
    <File Path="Directory.Packages.props" />
    <File Path="LICENSE" />
  </Folder>
  <Folder Name="/.github/">
    <File Path=".github/dependabot.yml" />
  </Folder>
</Solution>
